
Microsoft Visual Studio Solution File, Format Version 12.00
# Visual Studio 14
VisualStudioVersion = 14.0.25123.0
MinimumVisualStudioVersion = 10.0.40219.1
Project("{FAE04EC0-301F-11D3-BF4B-00C04F79EFBC}") = "IM.Launcher", "IM.Launcher\IM.Launcher.csproj", "{2A22E5F1-28E3-4C43-9C5B-476F077AB803}"
EndProject
Project("{FAE04EC0-301F-11D3-BF4B-00C04F79EFBC}") = "IM.Model", "IM.Model\IM.Model.csproj", "{4D0C8FAF-7EEB-4A36-9826-E190A0D9FE72}"
EndProject
Project("{FAE04EC0-301F-11D3-BF4B-00C04F79EFBC}") = "IM.Base", "IM.Base\IM.Base.csproj", "{5870C4EA-8B03-44A1-B9A2-20E48A59A64F}"
EndProject
Project("{FAE04EC0-301F-11D3-BF4B-00C04F79EFBC}") = "IM.BusinessRules", "IM.BusinessRules\IM.BusinessRules.csproj", "{13F00191-F647-4865-BD19-1E0EA12F6838}"
EndProject
Project("{FAE04EC0-301F-11D3-BF4B-00C04F79EFBC}") = "IM.Host", "IM.Host\IM.Host.csproj", "{F51C105B-9EC2-4617-8FD4-0729AEB50AA1}"
EndProject
Project("{FAE04EC0-301F-11D3-BF4B-00C04F79EFBC}") = "IM.InventoryMovements", "IM.InventoryMoves\IM.InventoryMovements.csproj", "{9351E555-6800-4E9C-9BDE-BC8DB9D29711}"
EndProject
Project("{FAE04EC0-301F-11D3-BF4B-00C04F79EFBC}") = "IM.Inhouse", "IM.Inhouse\IM.Inhouse.csproj", "{B803B281-004C-4D8F-BB9F-065E3B19FA70}"
	ProjectSection(ProjectDependencies) = postProject
		{96EDCB7E-349A-4988-A8AE-EBE1F5FE3060} = {96EDCB7E-349A-4988-A8AE-EBE1F5FE3060}
	EndProjectSection
EndProject
Project("{FAE04EC0-301F-11D3-BF4B-00C04F79EFBC}") = "IM.MailOuts", "IM.MailOuts\IM.MailOuts.csproj", "{8441A21C-5EF5-4FEB-BE2F-995269672694}"
EndProject
Project("{FAE04EC0-301F-11D3-BF4B-00C04F79EFBC}") = "IM.Administrator", "IM.Administrator\IM.Administrator.csproj", "{6680C30E-05E8-46E9-90D8-E29102688AFD}"
EndProject
Project("{FAE04EC0-301F-11D3-BF4B-00C04F79EFBC}") = "IM.Graph", "IM.Graph\IM.Graph.csproj", "{B812C53F-CD30-4244-A1FB-D3905765FBE6}"
EndProject
Project("{FAE04EC0-301F-11D3-BF4B-00C04F79EFBC}") = "IM.PRStatistics", "IM.PRStatistics\IM.PRStatistics.csproj", "{ABB2DC92-18FA-4727-824E-B604D16605A2}"
EndProject
Project("{FAE04EC0-301F-11D3-BF4B-00C04F79EFBC}") = "IM.ProcessorGeneral", "IM.ProcessorGeneral\IM.ProcessorGeneral.csproj", "{8B027A23-12CF-4B93-AEC3-BDA71842F3F6}"
EndProject
Project("{FAE04EC0-301F-11D3-BF4B-00C04F79EFBC}") = "IM.Assignment", "IM.Assignment\IM.Assignment.csproj", "{258A3C0F-0775-47F3-9A8D-9BB99236CD27}"
EndProject
Project("{FAE04EC0-301F-11D3-BF4B-00C04F79EFBC}") = "IM.GuestsPR", "IM.GuestsPR\IM.GuestsPR.csproj", "{E1341657-8E03-4E10-80DE-F39DFA38A231}"
EndProject
Project("{FAE04EC0-301F-11D3-BF4B-00C04F79EFBC}") = "IM.SalesPR", "IM.SalesPR\IM.SalesPR.csproj", "{49A5909E-6EB6-4CBE-9179-E23215E73659}"
EndProject
Project("{FAE04EC0-301F-11D3-BF4B-00C04F79EFBC}") = "IM.SalesLiner", "IM.SalesLiner\IM.SalesLiner.csproj", "{0649C8E1-A278-4722-8C18-4DD9DE9EF7A0}"
EndProject
Project("{FAE04EC0-301F-11D3-BF4B-00C04F79EFBC}") = "IM.SalesCloser", "IM.SalesCloser\IM.SalesCloser.csproj", "{D392E711-25A3-401D-A7F8-9F0EFD879A0D}"
EndProject
Project("{FAE04EC0-301F-11D3-BF4B-00C04F79EFBC}") = "IM.ProcessorOuthouse", "IM.ProcessorOuthouse\IM.ProcessorOuthouse.csproj", "{29571D2A-40AF-4366-8BE9-827EC5A27BD7}"
EndProject
Project("{FAE04EC0-301F-11D3-BF4B-00C04F79EFBC}") = "IM.Services", "IM.Services\IM.Services.csproj", "{96EDCB7E-349A-4988-A8AE-EBE1F5FE3060}"
EndProject
Project("{FAE04EC0-301F-11D3-BF4B-00C04F79EFBC}") = "IM.ProcessorInhouse", "IM.ProcessorInhouse\IM.ProcessorInhouse.csproj", "{5E077E86-6599-4CCD-B201-C3BAC0A0D9C8}"
EndProject
Project("{FAE04EC0-301F-11D3-BF4B-00C04F79EFBC}") = "IM.Transfer", "IM.Transfer\IM.Transfer.csproj", "{A0CF2B29-8D53-40A4-9DA0-BA9002E9174C}"
EndProject
Project("{FAE04EC0-301F-11D3-BF4B-00C04F79EFBC}") = "IM.MailOutsConfig", "IM.MailOutsConfig\IM.MailOutsConfig.csproj", "{6F486B23-878A-4BD6-8D04-FA7C1A1BD116}"
EndProject
Project("{FAE04EC0-301F-11D3-BF4B-00C04F79EFBC}") = "IM.Outhouse", "IM.Outhouse\IM.Outhouse.csproj", "{48DA274B-0D66-4802-86AB-7324A1CD262E}"
EndProject
Project("{FAE04EC0-301F-11D3-BF4B-00C04F79EFBC}") = "IM.ProcessorSales", "IM.ProcessorSales\IM.ProcessorSales.csproj", "{190D92BD-22FD-4E31-A58A-09B20448488A}"
EndProject
Project("{FAE04EC0-301F-11D3-BF4B-00C04F79EFBC}") = "IM.Styles", "IM.Styles\IM.Styles.csproj", "{BAD29979-3E8D-4913-8DD0-EDEBC8AF85A7}"
EndProject
Global
	GlobalSection(SolutionConfigurationPlatforms) = preSolution
		Debug|Any CPU = Debug|Any CPU
		Debug|x86 = Debug|x86
		Release|Any CPU = Release|Any CPU
		Release|x86 = Release|x86
	EndGlobalSection
	GlobalSection(ProjectConfigurationPlatforms) = postSolution
		{2A22E5F1-28E3-4C43-9C5B-476F077AB803}.Debug|Any CPU.ActiveCfg = Debug|Any CPU
		{2A22E5F1-28E3-4C43-9C5B-476F077AB803}.Debug|Any CPU.Build.0 = Debug|Any CPU
		{2A22E5F1-28E3-4C43-9C5B-476F077AB803}.Debug|x86.ActiveCfg = Debug|Any CPU
		{2A22E5F1-28E3-4C43-9C5B-476F077AB803}.Debug|x86.Build.0 = Debug|Any CPU
		{2A22E5F1-28E3-4C43-9C5B-476F077AB803}.Release|Any CPU.ActiveCfg = Release|Any CPU
		{2A22E5F1-28E3-4C43-9C5B-476F077AB803}.Release|Any CPU.Build.0 = Release|Any CPU
		{2A22E5F1-28E3-4C43-9C5B-476F077AB803}.Release|x86.ActiveCfg = Release|Any CPU
		{2A22E5F1-28E3-4C43-9C5B-476F077AB803}.Release|x86.Build.0 = Release|Any CPU
		{4D0C8FAF-7EEB-4A36-9826-E190A0D9FE72}.Debug|Any CPU.ActiveCfg = Debug|Any CPU
		{4D0C8FAF-7EEB-4A36-9826-E190A0D9FE72}.Debug|Any CPU.Build.0 = Debug|Any CPU
		{4D0C8FAF-7EEB-4A36-9826-E190A0D9FE72}.Debug|x86.ActiveCfg = Debug|Any CPU
		{4D0C8FAF-7EEB-4A36-9826-E190A0D9FE72}.Debug|x86.Build.0 = Debug|Any CPU
		{4D0C8FAF-7EEB-4A36-9826-E190A0D9FE72}.Release|Any CPU.ActiveCfg = Release|Any CPU
		{4D0C8FAF-7EEB-4A36-9826-E190A0D9FE72}.Release|Any CPU.Build.0 = Release|Any CPU
		{4D0C8FAF-7EEB-4A36-9826-E190A0D9FE72}.Release|x86.ActiveCfg = Release|Any CPU
		{4D0C8FAF-7EEB-4A36-9826-E190A0D9FE72}.Release|x86.Build.0 = Release|Any CPU
		{5870C4EA-8B03-44A1-B9A2-20E48A59A64F}.Debug|Any CPU.ActiveCfg = Debug|Any CPU
		{5870C4EA-8B03-44A1-B9A2-20E48A59A64F}.Debug|Any CPU.Build.0 = Debug|Any CPU
		{5870C4EA-8B03-44A1-B9A2-20E48A59A64F}.Debug|x86.ActiveCfg = Debug|Any CPU
		{5870C4EA-8B03-44A1-B9A2-20E48A59A64F}.Debug|x86.Build.0 = Debug|Any CPU
		{5870C4EA-8B03-44A1-B9A2-20E48A59A64F}.Release|Any CPU.ActiveCfg = Release|Any CPU
		{5870C4EA-8B03-44A1-B9A2-20E48A59A64F}.Release|Any CPU.Build.0 = Release|Any CPU
		{5870C4EA-8B03-44A1-B9A2-20E48A59A64F}.Release|x86.ActiveCfg = Release|Any CPU
		{5870C4EA-8B03-44A1-B9A2-20E48A59A64F}.Release|x86.Build.0 = Release|Any CPU
		{13F00191-F647-4865-BD19-1E0EA12F6838}.Debug|Any CPU.ActiveCfg = Debug|Any CPU
		{13F00191-F647-4865-BD19-1E0EA12F6838}.Debug|Any CPU.Build.0 = Debug|Any CPU
		{13F00191-F647-4865-BD19-1E0EA12F6838}.Debug|x86.ActiveCfg = Debug|Any CPU
		{13F00191-F647-4865-BD19-1E0EA12F6838}.Debug|x86.Build.0 = Debug|Any CPU
		{13F00191-F647-4865-BD19-1E0EA12F6838}.Release|Any CPU.ActiveCfg = Release|Any CPU
		{13F00191-F647-4865-BD19-1E0EA12F6838}.Release|Any CPU.Build.0 = Release|Any CPU
		{13F00191-F647-4865-BD19-1E0EA12F6838}.Release|x86.ActiveCfg = Release|Any CPU
		{13F00191-F647-4865-BD19-1E0EA12F6838}.Release|x86.Build.0 = Release|Any CPU
		{F51C105B-9EC2-4617-8FD4-0729AEB50AA1}.Debug|Any CPU.ActiveCfg = Debug|Any CPU
		{F51C105B-9EC2-4617-8FD4-0729AEB50AA1}.Debug|Any CPU.Build.0 = Debug|Any CPU
		{F51C105B-9EC2-4617-8FD4-0729AEB50AA1}.Debug|x86.ActiveCfg = Debug|Any CPU
		{F51C105B-9EC2-4617-8FD4-0729AEB50AA1}.Debug|x86.Build.0 = Debug|Any CPU
		{F51C105B-9EC2-4617-8FD4-0729AEB50AA1}.Release|Any CPU.ActiveCfg = Release|Any CPU
		{F51C105B-9EC2-4617-8FD4-0729AEB50AA1}.Release|Any CPU.Build.0 = Release|Any CPU
		{F51C105B-9EC2-4617-8FD4-0729AEB50AA1}.Release|x86.ActiveCfg = Release|Any CPU
		{F51C105B-9EC2-4617-8FD4-0729AEB50AA1}.Release|x86.Build.0 = Release|Any CPU
		{9351E555-6800-4E9C-9BDE-BC8DB9D29711}.Debug|Any CPU.ActiveCfg = Debug|Any CPU
		{9351E555-6800-4E9C-9BDE-BC8DB9D29711}.Debug|Any CPU.Build.0 = Debug|Any CPU
		{9351E555-6800-4E9C-9BDE-BC8DB9D29711}.Debug|x86.ActiveCfg = Debug|Any CPU
		{9351E555-6800-4E9C-9BDE-BC8DB9D29711}.Debug|x86.Build.0 = Debug|Any CPU
		{9351E555-6800-4E9C-9BDE-BC8DB9D29711}.Release|Any CPU.ActiveCfg = Release|Any CPU
		{9351E555-6800-4E9C-9BDE-BC8DB9D29711}.Release|Any CPU.Build.0 = Release|Any CPU
		{9351E555-6800-4E9C-9BDE-BC8DB9D29711}.Release|x86.ActiveCfg = Release|Any CPU
		{9351E555-6800-4E9C-9BDE-BC8DB9D29711}.Release|x86.Build.0 = Release|Any CPU
		{B803B281-004C-4D8F-BB9F-065E3B19FA70}.Debug|Any CPU.ActiveCfg = Debug|Any CPU
		{B803B281-004C-4D8F-BB9F-065E3B19FA70}.Debug|Any CPU.Build.0 = Debug|Any CPU
		{B803B281-004C-4D8F-BB9F-065E3B19FA70}.Debug|x86.ActiveCfg = Debug|Any CPU
		{B803B281-004C-4D8F-BB9F-065E3B19FA70}.Debug|x86.Build.0 = Debug|Any CPU
		{B803B281-004C-4D8F-BB9F-065E3B19FA70}.Release|Any CPU.ActiveCfg = Release|Any CPU
		{B803B281-004C-4D8F-BB9F-065E3B19FA70}.Release|Any CPU.Build.0 = Release|Any CPU
		{B803B281-004C-4D8F-BB9F-065E3B19FA70}.Release|x86.ActiveCfg = Release|Any CPU
		{B803B281-004C-4D8F-BB9F-065E3B19FA70}.Release|x86.Build.0 = Release|Any CPU
		{8441A21C-5EF5-4FEB-BE2F-995269672694}.Debug|Any CPU.ActiveCfg = Debug|Any CPU
		{8441A21C-5EF5-4FEB-BE2F-995269672694}.Debug|Any CPU.Build.0 = Debug|Any CPU
		{8441A21C-5EF5-4FEB-BE2F-995269672694}.Debug|x86.ActiveCfg = Debug|x86
		{8441A21C-5EF5-4FEB-BE2F-995269672694}.Debug|x86.Build.0 = Debug|x86
		{8441A21C-5EF5-4FEB-BE2F-995269672694}.Release|Any CPU.ActiveCfg = Release|Any CPU
		{8441A21C-5EF5-4FEB-BE2F-995269672694}.Release|Any CPU.Build.0 = Release|Any CPU
		{8441A21C-5EF5-4FEB-BE2F-995269672694}.Release|x86.ActiveCfg = Release|x86
		{8441A21C-5EF5-4FEB-BE2F-995269672694}.Release|x86.Build.0 = Release|x86
		{6680C30E-05E8-46E9-90D8-E29102688AFD}.Debug|Any CPU.ActiveCfg = Debug|Any CPU
		{6680C30E-05E8-46E9-90D8-E29102688AFD}.Debug|Any CPU.Build.0 = Debug|Any CPU
		{6680C30E-05E8-46E9-90D8-E29102688AFD}.Debug|x86.ActiveCfg = Debug|Any CPU
		{6680C30E-05E8-46E9-90D8-E29102688AFD}.Debug|x86.Build.0 = Debug|Any CPU
		{6680C30E-05E8-46E9-90D8-E29102688AFD}.Release|Any CPU.ActiveCfg = Release|Any CPU
		{6680C30E-05E8-46E9-90D8-E29102688AFD}.Release|Any CPU.Build.0 = Release|Any CPU
		{6680C30E-05E8-46E9-90D8-E29102688AFD}.Release|x86.ActiveCfg = Release|Any CPU
		{6680C30E-05E8-46E9-90D8-E29102688AFD}.Release|x86.Build.0 = Release|Any CPU
		{B812C53F-CD30-4244-A1FB-D3905765FBE6}.Debug|Any CPU.ActiveCfg = Debug|Any CPU
		{B812C53F-CD30-4244-A1FB-D3905765FBE6}.Debug|Any CPU.Build.0 = Debug|Any CPU
		{B812C53F-CD30-4244-A1FB-D3905765FBE6}.Debug|x86.ActiveCfg = Debug|Any CPU
		{B812C53F-CD30-4244-A1FB-D3905765FBE6}.Debug|x86.Build.0 = Debug|Any CPU
		{B812C53F-CD30-4244-A1FB-D3905765FBE6}.Release|Any CPU.ActiveCfg = Release|Any CPU
		{B812C53F-CD30-4244-A1FB-D3905765FBE6}.Release|Any CPU.Build.0 = Release|Any CPU
		{B812C53F-CD30-4244-A1FB-D3905765FBE6}.Release|x86.ActiveCfg = Release|Any CPU
		{B812C53F-CD30-4244-A1FB-D3905765FBE6}.Release|x86.Build.0 = Release|Any CPU
		{ABB2DC92-18FA-4727-824E-B604D16605A2}.Debug|Any CPU.ActiveCfg = Debug|Any CPU
		{ABB2DC92-18FA-4727-824E-B604D16605A2}.Debug|Any CPU.Build.0 = Debug|Any CPU
		{ABB2DC92-18FA-4727-824E-B604D16605A2}.Debug|x86.ActiveCfg = Debug|Any CPU
		{ABB2DC92-18FA-4727-824E-B604D16605A2}.Debug|x86.Build.0 = Debug|Any CPU
		{ABB2DC92-18FA-4727-824E-B604D16605A2}.Release|Any CPU.ActiveCfg = Release|Any CPU
		{ABB2DC92-18FA-4727-824E-B604D16605A2}.Release|Any CPU.Build.0 = Release|Any CPU
		{ABB2DC92-18FA-4727-824E-B604D16605A2}.Release|x86.ActiveCfg = Release|Any CPU
		{ABB2DC92-18FA-4727-824E-B604D16605A2}.Release|x86.Build.0 = Release|Any CPU
		{8B027A23-12CF-4B93-AEC3-BDA71842F3F6}.Debug|Any CPU.ActiveCfg = Debug|Any CPU
		{8B027A23-12CF-4B93-AEC3-BDA71842F3F6}.Debug|Any CPU.Build.0 = Debug|Any CPU
		{8B027A23-12CF-4B93-AEC3-BDA71842F3F6}.Debug|x86.ActiveCfg = Debug|Any CPU
		{8B027A23-12CF-4B93-AEC3-BDA71842F3F6}.Debug|x86.Build.0 = Debug|Any CPU
		{8B027A23-12CF-4B93-AEC3-BDA71842F3F6}.Release|Any CPU.ActiveCfg = Release|Any CPU
		{8B027A23-12CF-4B93-AEC3-BDA71842F3F6}.Release|Any CPU.Build.0 = Release|Any CPU
		{8B027A23-12CF-4B93-AEC3-BDA71842F3F6}.Release|x86.ActiveCfg = Release|Any CPU
		{8B027A23-12CF-4B93-AEC3-BDA71842F3F6}.Release|x86.Build.0 = Release|Any CPU
		{258A3C0F-0775-47F3-9A8D-9BB99236CD27}.Debug|Any CPU.ActiveCfg = Debug|Any CPU
		{258A3C0F-0775-47F3-9A8D-9BB99236CD27}.Debug|Any CPU.Build.0 = Debug|Any CPU
		{258A3C0F-0775-47F3-9A8D-9BB99236CD27}.Debug|x86.ActiveCfg = Debug|Any CPU
		{258A3C0F-0775-47F3-9A8D-9BB99236CD27}.Debug|x86.Build.0 = Debug|Any CPU
		{258A3C0F-0775-47F3-9A8D-9BB99236CD27}.Release|Any CPU.ActiveCfg = Release|Any CPU
		{258A3C0F-0775-47F3-9A8D-9BB99236CD27}.Release|Any CPU.Build.0 = Release|Any CPU
		{258A3C0F-0775-47F3-9A8D-9BB99236CD27}.Release|x86.ActiveCfg = Release|Any CPU
		{258A3C0F-0775-47F3-9A8D-9BB99236CD27}.Release|x86.Build.0 = Release|Any CPU
		{E1341657-8E03-4E10-80DE-F39DFA38A231}.Debug|Any CPU.ActiveCfg = Debug|Any CPU
		{E1341657-8E03-4E10-80DE-F39DFA38A231}.Debug|Any CPU.Build.0 = Debug|Any CPU
		{E1341657-8E03-4E10-80DE-F39DFA38A231}.Debug|x86.ActiveCfg = Debug|Any CPU
		{E1341657-8E03-4E10-80DE-F39DFA38A231}.Debug|x86.Build.0 = Debug|Any CPU
		{E1341657-8E03-4E10-80DE-F39DFA38A231}.Release|Any CPU.ActiveCfg = Release|Any CPU
		{E1341657-8E03-4E10-80DE-F39DFA38A231}.Release|Any CPU.Build.0 = Release|Any CPU
		{E1341657-8E03-4E10-80DE-F39DFA38A231}.Release|x86.ActiveCfg = Release|Any CPU
		{E1341657-8E03-4E10-80DE-F39DFA38A231}.Release|x86.Build.0 = Release|Any CPU
		{49A5909E-6EB6-4CBE-9179-E23215E73659}.Debug|Any CPU.ActiveCfg = Debug|Any CPU
		{49A5909E-6EB6-4CBE-9179-E23215E73659}.Debug|Any CPU.Build.0 = Debug|Any CPU
		{49A5909E-6EB6-4CBE-9179-E23215E73659}.Debug|x86.ActiveCfg = Debug|Any CPU
		{49A5909E-6EB6-4CBE-9179-E23215E73659}.Debug|x86.Build.0 = Debug|Any CPU
		{49A5909E-6EB6-4CBE-9179-E23215E73659}.Release|Any CPU.ActiveCfg = Release|Any CPU
		{49A5909E-6EB6-4CBE-9179-E23215E73659}.Release|Any CPU.Build.0 = Release|Any CPU
		{49A5909E-6EB6-4CBE-9179-E23215E73659}.Release|x86.ActiveCfg = Release|Any CPU
		{49A5909E-6EB6-4CBE-9179-E23215E73659}.Release|x86.Build.0 = Release|Any CPU
		{0649C8E1-A278-4722-8C18-4DD9DE9EF7A0}.Debug|Any CPU.ActiveCfg = Debug|Any CPU
		{0649C8E1-A278-4722-8C18-4DD9DE9EF7A0}.Debug|Any CPU.Build.0 = Debug|Any CPU
		{0649C8E1-A278-4722-8C18-4DD9DE9EF7A0}.Debug|x86.ActiveCfg = Debug|Any CPU
		{0649C8E1-A278-4722-8C18-4DD9DE9EF7A0}.Debug|x86.Build.0 = Debug|Any CPU
		{0649C8E1-A278-4722-8C18-4DD9DE9EF7A0}.Release|Any CPU.ActiveCfg = Release|Any CPU
		{0649C8E1-A278-4722-8C18-4DD9DE9EF7A0}.Release|Any CPU.Build.0 = Release|Any CPU
		{0649C8E1-A278-4722-8C18-4DD9DE9EF7A0}.Release|x86.ActiveCfg = Release|Any CPU
		{0649C8E1-A278-4722-8C18-4DD9DE9EF7A0}.Release|x86.Build.0 = Release|Any CPU
		{D392E711-25A3-401D-A7F8-9F0EFD879A0D}.Debug|Any CPU.ActiveCfg = Debug|Any CPU
		{D392E711-25A3-401D-A7F8-9F0EFD879A0D}.Debug|Any CPU.Build.0 = Debug|Any CPU
		{D392E711-25A3-401D-A7F8-9F0EFD879A0D}.Debug|x86.ActiveCfg = Debug|Any CPU
		{D392E711-25A3-401D-A7F8-9F0EFD879A0D}.Debug|x86.Build.0 = Debug|Any CPU
		{D392E711-25A3-401D-A7F8-9F0EFD879A0D}.Release|Any CPU.ActiveCfg = Release|Any CPU
		{D392E711-25A3-401D-A7F8-9F0EFD879A0D}.Release|Any CPU.Build.0 = Release|Any CPU
		{D392E711-25A3-401D-A7F8-9F0EFD879A0D}.Release|x86.ActiveCfg = Release|Any CPU
		{D392E711-25A3-401D-A7F8-9F0EFD879A0D}.Release|x86.Build.0 = Release|Any CPU
		{29571D2A-40AF-4366-8BE9-827EC5A27BD7}.Debug|Any CPU.ActiveCfg = Debug|Any CPU
		{29571D2A-40AF-4366-8BE9-827EC5A27BD7}.Debug|Any CPU.Build.0 = Debug|Any CPU
		{29571D2A-40AF-4366-8BE9-827EC5A27BD7}.Debug|x86.ActiveCfg = Debug|Any CPU
		{29571D2A-40AF-4366-8BE9-827EC5A27BD7}.Debug|x86.Build.0 = Debug|Any CPU
		{29571D2A-40AF-4366-8BE9-827EC5A27BD7}.Release|Any CPU.ActiveCfg = Release|Any CPU
		{29571D2A-40AF-4366-8BE9-827EC5A27BD7}.Release|Any CPU.Build.0 = Release|Any CPU
		{29571D2A-40AF-4366-8BE9-827EC5A27BD7}.Release|x86.ActiveCfg = Release|Any CPU
		{29571D2A-40AF-4366-8BE9-827EC5A27BD7}.Release|x86.Build.0 = Release|Any CPU
		{96EDCB7E-349A-4988-A8AE-EBE1F5FE3060}.Debug|Any CPU.ActiveCfg = Debug|Any CPU
		{96EDCB7E-349A-4988-A8AE-EBE1F5FE3060}.Debug|Any CPU.Build.0 = Debug|Any CPU
		{96EDCB7E-349A-4988-A8AE-EBE1F5FE3060}.Debug|x86.ActiveCfg = Debug|Any CPU
		{96EDCB7E-349A-4988-A8AE-EBE1F5FE3060}.Debug|x86.Build.0 = Debug|Any CPU
		{96EDCB7E-349A-4988-A8AE-EBE1F5FE3060}.Release|Any CPU.ActiveCfg = Release|Any CPU
		{96EDCB7E-349A-4988-A8AE-EBE1F5FE3060}.Release|Any CPU.Build.0 = Release|Any CPU
		{96EDCB7E-349A-4988-A8AE-EBE1F5FE3060}.Release|x86.ActiveCfg = Release|Any CPU
		{96EDCB7E-349A-4988-A8AE-EBE1F5FE3060}.Release|x86.Build.0 = Release|Any CPU
		{5E077E86-6599-4CCD-B201-C3BAC0A0D9C8}.Debug|Any CPU.ActiveCfg = Debug|Any CPU
		{5E077E86-6599-4CCD-B201-C3BAC0A0D9C8}.Debug|Any CPU.Build.0 = Debug|Any CPU
		{5E077E86-6599-4CCD-B201-C3BAC0A0D9C8}.Debug|x86.ActiveCfg = Debug|Any CPU
		{5E077E86-6599-4CCD-B201-C3BAC0A0D9C8}.Debug|x86.Build.0 = Debug|Any CPU
		{5E077E86-6599-4CCD-B201-C3BAC0A0D9C8}.Release|Any CPU.ActiveCfg = Release|Any CPU
		{5E077E86-6599-4CCD-B201-C3BAC0A0D9C8}.Release|Any CPU.Build.0 = Release|Any CPU
		{5E077E86-6599-4CCD-B201-C3BAC0A0D9C8}.Release|x86.ActiveCfg = Release|Any CPU
		{5E077E86-6599-4CCD-B201-C3BAC0A0D9C8}.Release|x86.Build.0 = Release|Any CPU
		{A0CF2B29-8D53-40A4-9DA0-BA9002E9174C}.Debug|Any CPU.ActiveCfg = Debug|Any CPU
		{A0CF2B29-8D53-40A4-9DA0-BA9002E9174C}.Debug|Any CPU.Build.0 = Debug|Any CPU
		{A0CF2B29-8D53-40A4-9DA0-BA9002E9174C}.Debug|x86.ActiveCfg = Debug|Any CPU
		{A0CF2B29-8D53-40A4-9DA0-BA9002E9174C}.Debug|x86.Build.0 = Debug|Any CPU
		{A0CF2B29-8D53-40A4-9DA0-BA9002E9174C}.Release|Any CPU.ActiveCfg = Release|Any CPU
		{A0CF2B29-8D53-40A4-9DA0-BA9002E9174C}.Release|Any CPU.Build.0 = Release|Any CPU
		{A0CF2B29-8D53-40A4-9DA0-BA9002E9174C}.Release|x86.ActiveCfg = Release|Any CPU
		{A0CF2B29-8D53-40A4-9DA0-BA9002E9174C}.Release|x86.Build.0 = Release|Any CPU
		{6F486B23-878A-4BD6-8D04-FA7C1A1BD116}.Debug|Any CPU.ActiveCfg = Debug|Any CPU
		{6F486B23-878A-4BD6-8D04-FA7C1A1BD116}.Debug|Any CPU.Build.0 = Debug|Any CPU
		{6F486B23-878A-4BD6-8D04-FA7C1A1BD116}.Debug|x86.ActiveCfg = Debug|Any CPU
		{6F486B23-878A-4BD6-8D04-FA7C1A1BD116}.Debug|x86.Build.0 = Debug|Any CPU
		{6F486B23-878A-4BD6-8D04-FA7C1A1BD116}.Release|Any CPU.ActiveCfg = Release|Any CPU
		{6F486B23-878A-4BD6-8D04-FA7C1A1BD116}.Release|Any CPU.Build.0 = Release|Any CPU
		{6F486B23-878A-4BD6-8D04-FA7C1A1BD116}.Release|x86.ActiveCfg = Release|Any CPU
		{6F486B23-878A-4BD6-8D04-FA7C1A1BD116}.Release|x86.Build.0 = Release|Any CPU
		{48DA274B-0D66-4802-86AB-7324A1CD262E}.Debug|Any CPU.ActiveCfg = Debug|Any CPU
		{48DA274B-0D66-4802-86AB-7324A1CD262E}.Debug|Any CPU.Build.0 = Debug|Any CPU
		{48DA274B-0D66-4802-86AB-7324A1CD262E}.Debug|x86.ActiveCfg = Debug|Any CPU
		{48DA274B-0D66-4802-86AB-7324A1CD262E}.Debug|x86.Build.0 = Debug|Any CPU
		{48DA274B-0D66-4802-86AB-7324A1CD262E}.Release|Any CPU.ActiveCfg = Release|Any CPU
		{48DA274B-0D66-4802-86AB-7324A1CD262E}.Release|Any CPU.Build.0 = Release|Any CPU
		{48DA274B-0D66-4802-86AB-7324A1CD262E}.Release|x86.ActiveCfg = Release|Any CPU
		{48DA274B-0D66-4802-86AB-7324A1CD262E}.Release|x86.Build.0 = Release|Any CPU
		{190D92BD-22FD-4E31-A58A-09B20448488A}.Debug|Any CPU.ActiveCfg = Debug|Any CPU
		{190D92BD-22FD-4E31-A58A-09B20448488A}.Debug|Any CPU.Build.0 = Debug|Any CPU
		{190D92BD-22FD-4E31-A58A-09B20448488A}.Debug|x86.ActiveCfg = Debug|Any CPU
		{190D92BD-22FD-4E31-A58A-09B20448488A}.Debug|x86.Build.0 = Debug|Any CPU
		{190D92BD-22FD-4E31-A58A-09B20448488A}.Release|Any CPU.ActiveCfg = Release|Any CPU
		{190D92BD-22FD-4E31-A58A-09B20448488A}.Release|Any CPU.Build.0 = Release|Any CPU
		{190D92BD-22FD-4E31-A58A-09B20448488A}.Release|x86.ActiveCfg = Release|Any CPU
		{190D92BD-22FD-4E31-A58A-09B20448488A}.Release|x86.Build.0 = Release|Any CPU
		{BAD29979-3E8D-4913-8DD0-EDEBC8AF85A7}.Debug|Any CPU.ActiveCfg = Debug|Any CPU
		{BAD29979-3E8D-4913-8DD0-EDEBC8AF85A7}.Debug|Any CPU.Build.0 = Debug|Any CPU
		{BAD29979-3E8D-4913-8DD0-EDEBC8AF85A7}.Debug|x86.ActiveCfg = Debug|Any CPU
		{BAD29979-3E8D-4913-8DD0-EDEBC8AF85A7}.Debug|x86.Build.0 = Debug|Any CPU
		{BAD29979-3E8D-4913-8DD0-EDEBC8AF85A7}.Release|Any CPU.ActiveCfg = Release|Any CPU
		{BAD29979-3E8D-4913-8DD0-EDEBC8AF85A7}.Release|Any CPU.Build.0 = Release|Any CPU
		{BAD29979-3E8D-4913-8DD0-EDEBC8AF85A7}.Release|x86.ActiveCfg = Release|Any CPU
		{BAD29979-3E8D-4913-8DD0-EDEBC8AF85A7}.Release|x86.Build.0 = Release|Any CPU
	EndGlobalSection
	GlobalSection(SolutionProperties) = preSolution
		HideSolutionNode = FALSE
	EndGlobalSection
EndGlobal
