
Microsoft Visual Studio Solution File, Format Version 12.00
# Visual Studio 14
VisualStudioVersion = 14.0.24720.0
MinimumVisualStudioVersion = 10.0.40219.1
Project("{FAE04EC0-301F-11D3-BF4B-00C04F79EFBC}") = "IM.Launcher", "IM.Launcher\IM.Launcher.csproj", "{2A22E5F1-28E3-4C43-9C5B-476F077AB803}"
EndProject
Project("{FAE04EC0-301F-11D3-BF4B-00C04F79EFBC}") = "IM.Model", "IM.Model\IM.Model.csproj", "{4D0C8FAF-7EEB-4A36-9826-E190A0D9FE72}"
EndProject
Project("{FAE04EC0-301F-11D3-BF4B-00C04F79EFBC}") = "IM.Base", "IM.Base\IM.Base.csproj", "{5870C4EA-8B03-44A1-B9A2-20E48A59A64F}"
EndProject
Project("{FAE04EC0-301F-11D3-BF4B-00C04F79EFBC}") = "IM.BusinessRules", "IM.BusinessRules\IM.BusinessRules.csproj", "{13F00191-F647-4865-BD19-1E0EA12F6838}"
EndProject
Project("{FAE04EC0-301F-11D3-BF4B-00C04F79EFBC}") = "IM.Host", "IM.Host\IM.Host.csproj", "{F51C105B-9EC2-4617-8FD4-0729AEB50AA1}"
EndProject
Project("{FAE04EC0-301F-11D3-BF4B-00C04F79EFBC}") = "IM.InventoryMovements", "IM.InventoryMoves\IM.InventoryMovements.csproj", "{9351E555-6800-4E9C-9BDE-BC8DB9D29711}"
EndProject
Project("{FAE04EC0-301F-11D3-BF4B-00C04F79EFBC}") = "IM.Inhouse", "IM.Inhouse\IM.Inhouse.csproj", "{B803B281-004C-4D8F-BB9F-065E3B19FA70}"
EndProject
Project("{FAE04EC0-301F-11D3-BF4B-00C04F79EFBC}") = "IM.MailOuts", "IM.MailOuts\IM.MailOuts.csproj", "{8441A21C-5EF5-4FEB-BE2F-995269672694}"
EndProject
Project("{FAE04EC0-301F-11D3-BF4B-00C04F79EFBC}") = "IM.Administrator", "IM.Administrator\IM.Administrator.csproj", "{6680C30E-05E8-46E9-90D8-E29102688AFD}"
EndProject
Project("{FAE04EC0-301F-11D3-BF4B-00C04F79EFBC}") = "IM.Graph", "IM.Graph\IM.Graph.csproj", "{B812C53F-CD30-4244-A1FB-D3905765FBE6}"
EndProject
Project("{FAE04EC0-301F-11D3-BF4B-00C04F79EFBC}") = "IM.PRStatistics", "IM.PRStatistics\IM.PRStatistics.csproj", "{ABB2DC92-18FA-4727-824E-B604D16605A2}"
EndProject
Global
	GlobalSection(SolutionConfigurationPlatforms) = preSolution
		Debug|Any CPU = Debug|Any CPU
		Debug|x86 = Debug|x86
		Release|Any CPU = Release|Any CPU
		Release|x86 = Release|x86
	EndGlobalSection
	GlobalSection(ProjectConfigurationPlatforms) = postSolution
		{2A22E5F1-28E3-4C43-9C5B-476F077AB803}.Debug|Any CPU.ActiveCfg = Debug|Any CPU
		{2A22E5F1-28E3-4C43-9C5B-476F077AB803}.Debug|Any CPU.Build.0 = Debug|Any CPU
		{2A22E5F1-28E3-4C43-9C5B-476F077AB803}.Debug|x86.ActiveCfg = Debug|Any CPU
		{2A22E5F1-28E3-4C43-9C5B-476F077AB803}.Debug|x86.Build.0 = Debug|Any CPU
		{2A22E5F1-28E3-4C43-9C5B-476F077AB803}.Release|Any CPU.ActiveCfg = Release|Any CPU
		{2A22E5F1-28E3-4C43-9C5B-476F077AB803}.Release|Any CPU.Build.0 = Release|Any CPU
		{2A22E5F1-28E3-4C43-9C5B-476F077AB803}.Release|x86.ActiveCfg = Release|Any CPU
		{2A22E5F1-28E3-4C43-9C5B-476F077AB803}.Release|x86.Build.0 = Release|Any CPU
		{4D0C8FAF-7EEB-4A36-9826-E190A0D9FE72}.Debug|Any CPU.ActiveCfg = Debug|Any CPU
		{4D0C8FAF-7EEB-4A36-9826-E190A0D9FE72}.Debug|Any CPU.Build.0 = Debug|Any CPU
		{4D0C8FAF-7EEB-4A36-9826-E190A0D9FE72}.Debug|x86.ActiveCfg = Debug|Any CPU
		{4D0C8FAF-7EEB-4A36-9826-E190A0D9FE72}.Debug|x86.Build.0 = Debug|Any CPU
		{4D0C8FAF-7EEB-4A36-9826-E190A0D9FE72}.Release|Any CPU.ActiveCfg = Release|Any CPU
		{4D0C8FAF-7EEB-4A36-9826-E190A0D9FE72}.Release|Any CPU.Build.0 = Release|Any CPU
		{4D0C8FAF-7EEB-4A36-9826-E190A0D9FE72}.Release|x86.ActiveCfg = Release|Any CPU
		{4D0C8FAF-7EEB-4A36-9826-E190A0D9FE72}.Release|x86.Build.0 = Release|Any CPU
		{5870C4EA-8B03-44A1-B9A2-20E48A59A64F}.Debug|Any CPU.ActiveCfg = Debug|Any CPU
		{5870C4EA-8B03-44A1-B9A2-20E48A59A64F}.Debug|Any CPU.Build.0 = Debug|Any CPU
		{5870C4EA-8B03-44A1-B9A2-20E48A59A64F}.Debug|x86.ActiveCfg = Debug|Any CPU
		{5870C4EA-8B03-44A1-B9A2-20E48A59A64F}.Debug|x86.Build.0 = Debug|Any CPU
		{5870C4EA-8B03-44A1-B9A2-20E48A59A64F}.Release|Any CPU.ActiveCfg = Release|Any CPU
		{5870C4EA-8B03-44A1-B9A2-20E48A59A64F}.Release|Any CPU.Build.0 = Release|Any CPU
		{5870C4EA-8B03-44A1-B9A2-20E48A59A64F}.Release|x86.ActiveCfg = Release|Any CPU
		{5870C4EA-8B03-44A1-B9A2-20E48A59A64F}.Release|x86.Build.0 = Release|Any CPU
		{13F00191-F647-4865-BD19-1E0EA12F6838}.Debug|Any CPU.ActiveCfg = Debug|Any CPU
		{13F00191-F647-4865-BD19-1E0EA12F6838}.Debug|Any CPU.Build.0 = Debug|Any CPU
		{13F00191-F647-4865-BD19-1E0EA12F6838}.Debug|x86.ActiveCfg = Debug|Any CPU
		{13F00191-F647-4865-BD19-1E0EA12F6838}.Debug|x86.Build.0 = Debug|Any CPU
		{13F00191-F647-4865-BD19-1E0EA12F6838}.Release|Any CPU.ActiveCfg = Release|Any CPU
		{13F00191-F647-4865-BD19-1E0EA12F6838}.Release|Any CPU.Build.0 = Release|Any CPU
		{13F00191-F647-4865-BD19-1E0EA12F6838}.Release|x86.ActiveCfg = Release|Any CPU
		{13F00191-F647-4865-BD19-1E0EA12F6838}.Release|x86.Build.0 = Release|Any CPU
		{F51C105B-9EC2-4617-8FD4-0729AEB50AA1}.Debug|Any CPU.ActiveCfg = Debug|Any CPU
		{F51C105B-9EC2-4617-8FD4-0729AEB50AA1}.Debug|Any CPU.Build.0 = Debug|Any CPU
		{F51C105B-9EC2-4617-8FD4-0729AEB50AA1}.Debug|x86.ActiveCfg = Debug|Any CPU
		{F51C105B-9EC2-4617-8FD4-0729AEB50AA1}.Debug|x86.Build.0 = Debug|Any CPU
		{F51C105B-9EC2-4617-8FD4-0729AEB50AA1}.Release|Any CPU.ActiveCfg = Release|Any CPU
		{F51C105B-9EC2-4617-8FD4-0729AEB50AA1}.Release|Any CPU.Build.0 = Release|Any CPU
		{F51C105B-9EC2-4617-8FD4-0729AEB50AA1}.Release|x86.ActiveCfg = Release|Any CPU
		{F51C105B-9EC2-4617-8FD4-0729AEB50AA1}.Release|x86.Build.0 = Release|Any CPU
		{9351E555-6800-4E9C-9BDE-BC8DB9D29711}.Debug|Any CPU.ActiveCfg = Debug|Any CPU
		{9351E555-6800-4E9C-9BDE-BC8DB9D29711}.Debug|Any CPU.Build.0 = Debug|Any CPU
		{9351E555-6800-4E9C-9BDE-BC8DB9D29711}.Debug|x86.ActiveCfg = Debug|Any CPU
		{9351E555-6800-4E9C-9BDE-BC8DB9D29711}.Debug|x86.Build.0 = Debug|Any CPU
		{9351E555-6800-4E9C-9BDE-BC8DB9D29711}.Release|Any CPU.ActiveCfg = Release|Any CPU
		{9351E555-6800-4E9C-9BDE-BC8DB9D29711}.Release|Any CPU.Build.0 = Release|Any CPU
		{9351E555-6800-4E9C-9BDE-BC8DB9D29711}.Release|x86.ActiveCfg = Release|Any CPU
		{9351E555-6800-4E9C-9BDE-BC8DB9D29711}.Release|x86.Build.0 = Release|Any CPU
		{B803B281-004C-4D8F-BB9F-065E3B19FA70}.Debug|Any CPU.ActiveCfg = Debug|Any CPU
		{B803B281-004C-4D8F-BB9F-065E3B19FA70}.Debug|Any CPU.Build.0 = Debug|Any CPU
		{B803B281-004C-4D8F-BB9F-065E3B19FA70}.Debug|x86.ActiveCfg = Debug|Any CPU
		{B803B281-004C-4D8F-BB9F-065E3B19FA70}.Debug|x86.Build.0 = Debug|Any CPU
		{B803B281-004C-4D8F-BB9F-065E3B19FA70}.Release|Any CPU.ActiveCfg = Release|Any CPU
		{B803B281-004C-4D8F-BB9F-065E3B19FA70}.Release|Any CPU.Build.0 = Release|Any CPU
		{B803B281-004C-4D8F-BB9F-065E3B19FA70}.Release|x86.ActiveCfg = Release|Any CPU
		{B803B281-004C-4D8F-BB9F-065E3B19FA70}.Release|x86.Build.0 = Release|Any CPU
		{8441A21C-5EF5-4FEB-BE2F-995269672694}.Debug|Any CPU.ActiveCfg = Debug|Any CPU
		{8441A21C-5EF5-4FEB-BE2F-995269672694}.Debug|Any CPU.Build.0 = Debug|Any CPU
		{8441A21C-5EF5-4FEB-BE2F-995269672694}.Debug|x86.ActiveCfg = Debug|x86
		{8441A21C-5EF5-4FEB-BE2F-995269672694}.Debug|x86.Build.0 = Debug|x86
		{8441A21C-5EF5-4FEB-BE2F-995269672694}.Release|Any CPU.ActiveCfg = Release|Any CPU
		{8441A21C-5EF5-4FEB-BE2F-995269672694}.Release|Any CPU.Build.0 = Release|Any CPU
		{8441A21C-5EF5-4FEB-BE2F-995269672694}.Release|x86.ActiveCfg = Release|x86
		{8441A21C-5EF5-4FEB-BE2F-995269672694}.Release|x86.Build.0 = Release|x86
		{6680C30E-05E8-46E9-90D8-E29102688AFD}.Debug|Any CPU.ActiveCfg = Debug|Any CPU
		{6680C30E-05E8-46E9-90D8-E29102688AFD}.Debug|Any CPU.Build.0 = Debug|Any CPU
		{6680C30E-05E8-46E9-90D8-E29102688AFD}.Debug|x86.ActiveCfg = Debug|Any CPU
		{6680C30E-05E8-46E9-90D8-E29102688AFD}.Debug|x86.Build.0 = Debug|Any CPU
		{6680C30E-05E8-46E9-90D8-E29102688AFD}.Release|Any CPU.ActiveCfg = Release|Any CPU
		{6680C30E-05E8-46E9-90D8-E29102688AFD}.Release|Any CPU.Build.0 = Release|Any CPU
		{6680C30E-05E8-46E9-90D8-E29102688AFD}.Release|x86.ActiveCfg = Release|Any CPU
		{6680C30E-05E8-46E9-90D8-E29102688AFD}.Release|x86.Build.0 = Release|Any CPU
		{B812C53F-CD30-4244-A1FB-D3905765FBE6}.Debug|Any CPU.ActiveCfg = Debug|Any CPU
		{B812C53F-CD30-4244-A1FB-D3905765FBE6}.Debug|Any CPU.Build.0 = Debug|Any CPU
		{B812C53F-CD30-4244-A1FB-D3905765FBE6}.Debug|x86.ActiveCfg = Debug|Any CPU
		{B812C53F-CD30-4244-A1FB-D3905765FBE6}.Debug|x86.Build.0 = Debug|Any CPU
		{B812C53F-CD30-4244-A1FB-D3905765FBE6}.Release|Any CPU.ActiveCfg = Release|Any CPU
		{B812C53F-CD30-4244-A1FB-D3905765FBE6}.Release|Any CPU.Build.0 = Release|Any CPU
		{B812C53F-CD30-4244-A1FB-D3905765FBE6}.Release|x86.ActiveCfg = Release|Any CPU
		{B812C53F-CD30-4244-A1FB-D3905765FBE6}.Release|x86.Build.0 = Release|Any CPU
		{ABB2DC92-18FA-4727-824E-B604D16605A2}.Debug|Any CPU.ActiveCfg = Debug|Any CPU
		{ABB2DC92-18FA-4727-824E-B604D16605A2}.Debug|Any CPU.Build.0 = Debug|Any CPU
		{ABB2DC92-18FA-4727-824E-B604D16605A2}.Debug|x86.ActiveCfg = Debug|Any CPU
		{ABB2DC92-18FA-4727-824E-B604D16605A2}.Debug|x86.Build.0 = Debug|Any CPU
		{ABB2DC92-18FA-4727-824E-B604D16605A2}.Release|Any CPU.ActiveCfg = Release|Any CPU
		{ABB2DC92-18FA-4727-824E-B604D16605A2}.Release|Any CPU.Build.0 = Release|Any CPU
		{ABB2DC92-18FA-4727-824E-B604D16605A2}.Release|x86.ActiveCfg = Release|Any CPU
		{ABB2DC92-18FA-4727-824E-B604D16605A2}.Release|x86.Build.0 = Release|Any CPU
	EndGlobalSection
	GlobalSection(SolutionProperties) = preSolution
		HideSolutionNode = FALSE
	EndGlobalSection
EndGlobal
