
Microsoft Visual Studio Solution File, Format Version 12.00
# Visual Studio 14
VisualStudioVersion = 14.0.24720.0
MinimumVisualStudioVersion = 10.0.40219.1
Project("{FAE04EC0-301F-11D3-BF4B-00C04F79EFBC}") = "IM.Launcher", "IM.Launcher\IM.Launcher.csproj", "{2A22E5F1-28E3-4C43-9C5B-476F077AB803}"
EndProject
Project("{FAE04EC0-301F-11D3-BF4B-00C04F79EFBC}") = "IM.Model", "IM.Model\IM.Model.csproj", "{4D0C8FAF-7EEB-4A36-9826-E190A0D9FE72}"
EndProject
Project("{FAE04EC0-301F-11D3-BF4B-00C04F79EFBC}") = "IM.Base", "IM.Base\IM.Base.csproj", "{5870C4EA-8B03-44A1-B9A2-20E48A59A64F}"
EndProject
Global
	GlobalSection(SolutionConfigurationPlatforms) = preSolution
		Debug|Any CPU = Debug|Any CPU
		Release|Any CPU = Release|Any CPU
	EndGlobalSection
	GlobalSection(ProjectConfigurationPlatforms) = postSolution
		{2A22E5F1-28E3-4C43-9C5B-476F077AB803}.Debug|Any CPU.ActiveCfg = Debug|Any CPU
		{2A22E5F1-28E3-4C43-9C5B-476F077AB803}.Debug|Any CPU.Build.0 = Debug|Any CPU
		{2A22E5F1-28E3-4C43-9C5B-476F077AB803}.Release|Any CPU.ActiveCfg = Release|Any CPU
		{2A22E5F1-28E3-4C43-9C5B-476F077AB803}.Release|Any CPU.Build.0 = Release|Any CPU
		{4D0C8FAF-7EEB-4A36-9826-E190A0D9FE72}.Debug|Any CPU.ActiveCfg = Debug|Any CPU
		{4D0C8FAF-7EEB-4A36-9826-E190A0D9FE72}.Debug|Any CPU.Build.0 = Debug|Any CPU
		{4D0C8FAF-7EEB-4A36-9826-E190A0D9FE72}.Release|Any CPU.ActiveCfg = Release|Any CPU
		{4D0C8FAF-7EEB-4A36-9826-E190A0D9FE72}.Release|Any CPU.Build.0 = Release|Any CPU
		{5870C4EA-8B03-44A1-B9A2-20E48A59A64F}.Debug|Any CPU.ActiveCfg = Debug|Any CPU
		{5870C4EA-8B03-44A1-B9A2-20E48A59A64F}.Debug|Any CPU.Build.0 = Debug|Any CPU
		{5870C4EA-8B03-44A1-B9A2-20E48A59A64F}.Release|Any CPU.ActiveCfg = Release|Any CPU
		{5870C4EA-8B03-44A1-B9A2-20E48A59A64F}.Release|Any CPU.Build.0 = Release|Any CPU
	EndGlobalSection
	GlobalSection(SolutionProperties) = preSolution
		HideSolutionNode = FALSE
	EndGlobalSection
EndGlobal
